
Microsoft Visual Studio Solution File, Format Version 12.00
# Visual Studio Version 17
VisualStudioVersion = 17.9.34714.143
MinimumVisualStudioVersion = 10.0.40219.1
Project("{FAE04EC0-301F-11D3-BF4B-00C04F79EFBC}") = "DesignPattern", "DesignPattern\DesignPattern.csproj", "{969C12BB-165B-445A-9675-4AA7D726DA72}"
EndProject
Global
	GlobalSection(SolutionConfigurationPlatforms) = preSolution
		Debug|Any CPU = Debug|Any CPU
		Release|Any CPU = Release|Any CPU
	EndGlobalSection
	GlobalSection(ProjectConfigurationPlatforms) = postSolution
		{969C12BB-165B-445A-9675-4AA7D726DA72}.Debug|Any CPU.ActiveCfg = Debug|Any CPU
		{969C12BB-165B-445A-9675-4AA7D726DA72}.Debug|Any CPU.Build.0 = Debug|Any CPU
		{969C12BB-165B-445A-9675-4AA7D726DA72}.Release|Any CPU.ActiveCfg = Release|Any CPU
		{969C12BB-165B-445A-9675-4AA7D726DA72}.Release|Any CPU.Build.0 = Release|Any CPU
	EndGlobalSection
	GlobalSection(SolutionProperties) = preSolution
		HideSolutionNode = FALSE
	EndGlobalSection
	GlobalSection(ExtensibilityGlobals) = postSolution
		SolutionGuid = {976DC053-5E83-43CD-A948-CE4471FB9EB1}
	EndGlobalSection
EndGlobal
